
Microsoft Visual Studio Solution File, Format Version 12.00
# Visual Studio Version 16
VisualStudioVersion = 16.0.31005.135
MinimumVisualStudioVersion = 10.0.40219.1
Project("{9A19103F-16F7-4668-BE54-9A1E7A4F7556}") = "Bevo.KubernetesIngressDotNet", "src\Bevo.KubernetesIngressDotNet\Bevo.KubernetesIngressDotNet.csproj", "{2E5204E3-E144-4CDD-9840-F87DDC5183B1}"
EndProject
Project("{2150E333-8FDC-42A3-9474-1A3956D46DE8}") = "k8s", "k8s", "{B081CFEF-68C2-4508-AA97-E03CF8E2F138}"
	ProjectSection(SolutionItems) = preProject
		Dockerfile = Dockerfile
		skaffold.yaml = skaffold.yaml
	EndProjectSection
EndProject
Project("{2150E333-8FDC-42A3-9474-1A3956D46DE8}") = "chart", "chart", "{C9BF65FF-D958-42C9-A673-F1134B0E80ED}"
	ProjectSection(SolutionItems) = preProject
		chart\.helmignore = chart\.helmignore
		chart\Chart.yaml = chart\Chart.yaml
		chart\deployment-annotations.yaml = chart\deployment-annotations.yaml
		chart\values.yaml = chart\values.yaml
	EndProjectSection
EndProject
Project("{2150E333-8FDC-42A3-9474-1A3956D46DE8}") = "template", "template", "{E25BB16E-4625-43AD-B607-EC4049EC5706}"
	ProjectSection(SolutionItems) = preProject
		chart\templates\_helpers.tpl = chart\templates\_helpers.tpl
		chart\templates\configmap.yaml = chart\templates\configmap.yaml
		chart\templates\deployment.yaml = chart\templates\deployment.yaml
		chart\templates\NOTES.txt = chart\templates\NOTES.txt
		chart\templates\service.yaml = chart\templates\service.yaml
	EndProjectSection
EndProject
Project("{FAE04EC0-301F-11D3-BF4B-00C04F79EFBC}") = "Bevo.ReverseProxy.Kubernetes", "src\Bevo.ReverseProxy.Kubernetes\Bevo.ReverseProxy.Kubernetes.csproj", "{97B7EB8D-48F9-41FB-8701-CF2CED03AAA2}"
EndProject
Global
	GlobalSection(SolutionConfigurationPlatforms) = preSolution
		Debug|Any CPU = Debug|Any CPU
		Release|Any CPU = Release|Any CPU
	EndGlobalSection
	GlobalSection(ProjectConfigurationPlatforms) = postSolution
		{2E5204E3-E144-4CDD-9840-F87DDC5183B1}.Debug|Any CPU.ActiveCfg = Debug|Any CPU
		{2E5204E3-E144-4CDD-9840-F87DDC5183B1}.Debug|Any CPU.Build.0 = Debug|Any CPU
		{2E5204E3-E144-4CDD-9840-F87DDC5183B1}.Release|Any CPU.ActiveCfg = Release|Any CPU
		{2E5204E3-E144-4CDD-9840-F87DDC5183B1}.Release|Any CPU.Build.0 = Release|Any CPU
		{97B7EB8D-48F9-41FB-8701-CF2CED03AAA2}.Debug|Any CPU.ActiveCfg = Debug|Any CPU
		{97B7EB8D-48F9-41FB-8701-CF2CED03AAA2}.Debug|Any CPU.Build.0 = Debug|Any CPU
		{97B7EB8D-48F9-41FB-8701-CF2CED03AAA2}.Release|Any CPU.ActiveCfg = Release|Any CPU
		{97B7EB8D-48F9-41FB-8701-CF2CED03AAA2}.Release|Any CPU.Build.0 = Release|Any CPU
	EndGlobalSection
	GlobalSection(SolutionProperties) = preSolution
		HideSolutionNode = FALSE
	EndGlobalSection
	GlobalSection(NestedProjects) = preSolution
		{C9BF65FF-D958-42C9-A673-F1134B0E80ED} = {B081CFEF-68C2-4508-AA97-E03CF8E2F138}
		{E25BB16E-4625-43AD-B607-EC4049EC5706} = {C9BF65FF-D958-42C9-A673-F1134B0E80ED}
	EndGlobalSection
	GlobalSection(ExtensibilityGlobals) = postSolution
		SolutionGuid = {A0E46267-0937-48D2-97D8-F97FE3DE4511}
	EndGlobalSection
EndGlobal
